<Solution>
  <Folder Name="/Task0/">
    <Project Path="Tyuiu.AndrianovSA.Sprint0.Task0.V0/Tyuiu.AndrianovSA.Sprint0.Task0.V0.csproj" />
  </Folder>
  <Folder Name="/Task1/">
    <Project Path="Tyuiu.AndrianovSA.Sprint0.Task1.V0/Tyuiu.AndrianovSA.Sprint0.Task1.V0.csproj" Id="7e7e5d55-f443-4944-8a23-0b37255223c3" />
  </Folder>
</Solution>
